
Microsoft Visual Studio Solution File, Format Version 12.00
# Visual Studio Version 16
VisualStudioVersion = 16.0.33423.256
MinimumVisualStudioVersion = 10.0.40219.1
Project("{FAE04EC0-301F-11D3-BF4B-00C04F79EFBC}") = "Exercícios sobre números impares e pares", "Exercícios sobre números impares e pares.csproj", "{20F349D9-3FCE-4513-A092-44B9D60B6D17}"
EndProject
Project("{FAE04EC0-301F-11D3-BF4B-00C04F79EFBC}") = "Exercício 2", "..\Exercício 2\Exercício 2.csproj", "{4D3F9434-2B6B-49A0-8355-558D261DA8EB}"
EndProject
Global
	GlobalSection(SolutionConfigurationPlatforms) = preSolution
		Debug|Any CPU = Debug|Any CPU
		Release|Any CPU = Release|Any CPU
	EndGlobalSection
	GlobalSection(ProjectConfigurationPlatforms) = postSolution
		{20F349D9-3FCE-4513-A092-44B9D60B6D17}.Debug|Any CPU.ActiveCfg = Debug|Any CPU
		{20F349D9-3FCE-4513-A092-44B9D60B6D17}.Debug|Any CPU.Build.0 = Debug|Any CPU
		{20F349D9-3FCE-4513-A092-44B9D60B6D17}.Release|Any CPU.ActiveCfg = Release|Any CPU
		{20F349D9-3FCE-4513-A092-44B9D60B6D17}.Release|Any CPU.Build.0 = Release|Any CPU
		{4D3F9434-2B6B-49A0-8355-558D261DA8EB}.Debug|Any CPU.ActiveCfg = Debug|Any CPU
		{4D3F9434-2B6B-49A0-8355-558D261DA8EB}.Debug|Any CPU.Build.0 = Debug|Any CPU
		{4D3F9434-2B6B-49A0-8355-558D261DA8EB}.Release|Any CPU.ActiveCfg = Release|Any CPU
		{4D3F9434-2B6B-49A0-8355-558D261DA8EB}.Release|Any CPU.Build.0 = Release|Any CPU
	EndGlobalSection
	GlobalSection(SolutionProperties) = preSolution
		HideSolutionNode = FALSE
	EndGlobalSection
	GlobalSection(ExtensibilityGlobals) = postSolution
		SolutionGuid = {0F7F9D27-075C-4395-9DB0-0FC4E5422E68}
	EndGlobalSection
EndGlobal
